
Microsoft Visual Studio Solution File, Format Version 12.00
# Visual Studio Version 17
VisualStudioVersion = 17.2.32630.192
MinimumVisualStudioVersion = 10.0.40219.1
Project("{FAE04EC0-301F-11D3-BF4B-00C04F79EFBC}") = "Minimog.Web", "Minimog.Web\Minimog.Web.csproj", "{01DE0B1C-539B-4AE6-AD8B-0A02BB780B78}"
EndProject
Project("{FAE04EC0-301F-11D3-BF4B-00C04F79EFBC}") = "Product.API", "Product.API\Product.API.csproj", "{B6839CAB-3E1F-4303-A0E3-23F8977191B5}"
EndProject
Project("{FAE04EC0-301F-11D3-BF4B-00C04F79EFBC}") = "Product.Service", "Product.Service\Product.Service.csproj", "{D766F58E-76C5-446B-9FAC-C44E06BCF062}"
EndProject
Project("{FAE04EC0-301F-11D3-BF4B-00C04F79EFBC}") = "Product.Data", "Product.Data\Product.Data.csproj", "{9D3C5A59-C76C-45E4-A07F-3F24F60AB506}"
EndProject
Project("{FAE04EC0-301F-11D3-BF4B-00C04F79EFBC}") = "Product.Entity", "Product.Entity\Product.Entity.csproj", "{38478BD6-293E-4EDD-8C33-B9223ED307E6}"
EndProject
Project("{2150E333-8FDC-42A3-9474-1A3956D46DE8}") = "0.Persentation", "0.Persentation", "{4032AC12-8537-4337-8117-BA8FAFD0A7DA}"
EndProject
Project("{2150E333-8FDC-42A3-9474-1A3956D46DE8}") = "1.Service", "1.Service", "{78CC8717-0968-4918-9478-4E3BE7769C2C}"
EndProject
Project("{2150E333-8FDC-42A3-9474-1A3956D46DE8}") = "2.Data", "2.Data", "{68C62713-46D7-477A-AF07-8A50CBCF96AB}"
EndProject
Project("{2150E333-8FDC-42A3-9474-1A3956D46DE8}") = "3.API", "3.API", "{3BA0EE16-2C23-47FA-9E9C-F3D9F1003601}"
EndProject
Global
	GlobalSection(SolutionConfigurationPlatforms) = preSolution
		Debug|Any CPU = Debug|Any CPU
		Release|Any CPU = Release|Any CPU
	EndGlobalSection
	GlobalSection(ProjectConfigurationPlatforms) = postSolution
		{01DE0B1C-539B-4AE6-AD8B-0A02BB780B78}.Debug|Any CPU.ActiveCfg = Debug|Any CPU
		{01DE0B1C-539B-4AE6-AD8B-0A02BB780B78}.Debug|Any CPU.Build.0 = Debug|Any CPU
		{01DE0B1C-539B-4AE6-AD8B-0A02BB780B78}.Release|Any CPU.ActiveCfg = Release|Any CPU
		{01DE0B1C-539B-4AE6-AD8B-0A02BB780B78}.Release|Any CPU.Build.0 = Release|Any CPU
		{B6839CAB-3E1F-4303-A0E3-23F8977191B5}.Debug|Any CPU.ActiveCfg = Debug|Any CPU
		{B6839CAB-3E1F-4303-A0E3-23F8977191B5}.Debug|Any CPU.Build.0 = Debug|Any CPU
		{B6839CAB-3E1F-4303-A0E3-23F8977191B5}.Release|Any CPU.ActiveCfg = Release|Any CPU
		{B6839CAB-3E1F-4303-A0E3-23F8977191B5}.Release|Any CPU.Build.0 = Release|Any CPU
		{D766F58E-76C5-446B-9FAC-C44E06BCF062}.Debug|Any CPU.ActiveCfg = Debug|Any CPU
		{D766F58E-76C5-446B-9FAC-C44E06BCF062}.Debug|Any CPU.Build.0 = Debug|Any CPU
		{D766F58E-76C5-446B-9FAC-C44E06BCF062}.Release|Any CPU.ActiveCfg = Release|Any CPU
		{D766F58E-76C5-446B-9FAC-C44E06BCF062}.Release|Any CPU.Build.0 = Release|Any CPU
		{9D3C5A59-C76C-45E4-A07F-3F24F60AB506}.Debug|Any CPU.ActiveCfg = Debug|Any CPU
		{9D3C5A59-C76C-45E4-A07F-3F24F60AB506}.Debug|Any CPU.Build.0 = Debug|Any CPU
		{9D3C5A59-C76C-45E4-A07F-3F24F60AB506}.Release|Any CPU.ActiveCfg = Release|Any CPU
		{9D3C5A59-C76C-45E4-A07F-3F24F60AB506}.Release|Any CPU.Build.0 = Release|Any CPU
		{38478BD6-293E-4EDD-8C33-B9223ED307E6}.Debug|Any CPU.ActiveCfg = Debug|Any CPU
		{38478BD6-293E-4EDD-8C33-B9223ED307E6}.Debug|Any CPU.Build.0 = Debug|Any CPU
		{38478BD6-293E-4EDD-8C33-B9223ED307E6}.Release|Any CPU.ActiveCfg = Release|Any CPU
		{38478BD6-293E-4EDD-8C33-B9223ED307E6}.Release|Any CPU.Build.0 = Release|Any CPU
	EndGlobalSection
	GlobalSection(SolutionProperties) = preSolution
		HideSolutionNode = FALSE
	EndGlobalSection
	GlobalSection(NestedProjects) = preSolution
		{01DE0B1C-539B-4AE6-AD8B-0A02BB780B78} = {4032AC12-8537-4337-8117-BA8FAFD0A7DA}
		{B6839CAB-3E1F-4303-A0E3-23F8977191B5} = {3BA0EE16-2C23-47FA-9E9C-F3D9F1003601}
		{D766F58E-76C5-446B-9FAC-C44E06BCF062} = {78CC8717-0968-4918-9478-4E3BE7769C2C}
		{9D3C5A59-C76C-45E4-A07F-3F24F60AB506} = {68C62713-46D7-477A-AF07-8A50CBCF96AB}
		{38478BD6-293E-4EDD-8C33-B9223ED307E6} = {68C62713-46D7-477A-AF07-8A50CBCF96AB}
	EndGlobalSection
	GlobalSection(ExtensibilityGlobals) = postSolution
		SolutionGuid = {330493D6-5B69-4924-851B-AC052BCD7FC2}
	EndGlobalSection
EndGlobal
